// !$*UTF8*$!
{
	archiveVersion = 1;
	classes = {
	};
	objectVersion = 51;
	objects = {

/* Begin PBXBuildFile section */
		2C4ACD2035ED4DAAFA07143D /* Pods_desperation.framework in Frameworks */ = {isa = PBXBuildFile; fileRef = CF6D04B6FC817FE31BEF3BFD /* Pods_desperation.framework */; };
		51DF52857DE7516259EF2FD9 /* Pods_desperation_desperationUITests.framework in Frameworks */ = {isa = PBXBuildFile; fileRef = 85D34B666145CFFA12559F35 /* Pods_desperation_desperationUITests.framework */; };
		520E1A8723E46EC400970C2D /* AppDelegate.swift in Sources */ = {isa = PBXBuildFile; fileRef = 520E1A8623E46EC400970C2D /* AppDelegate.swift */; };
		520E1A8923E46EC400970C2D /* SceneDelegate.swift in Sources */ = {isa = PBXBuildFile; fileRef = 520E1A8823E46EC400970C2D /* SceneDelegate.swift */; };
		520E1A8B23E46EC400970C2D /* ViewController.swift in Sources */ = {isa = PBXBuildFile; fileRef = 520E1A8A23E46EC400970C2D /* ViewController.swift */; };
		520E1A8E23E46EC400970C2D /* Main.storyboard in Resources */ = {isa = PBXBuildFile; fileRef = 520E1A8C23E46EC400970C2D /* Main.storyboard */; };
		520E1A9023E46EDA00970C2D /* Assets.xcassets in Resources */ = {isa = PBXBuildFile; fileRef = 520E1A8F23E46EDA00970C2D /* Assets.xcassets */; };
		520E1A9323E46EDA00970C2D /* LaunchScreen.storyboard in Resources */ = {isa = PBXBuildFile; fileRef = 520E1A9123E46EDA00970C2D /* LaunchScreen.storyboard */; };
		520E1A9E23E46EDA00970C2D /* desperationTests.swift in Sources */ = {isa = PBXBuildFile; fileRef = 520E1A9D23E46EDA00970C2D /* desperationTests.swift */; };
		520E1AA923E46EDA00970C2D /* desperationUITests.swift in Sources */ = {isa = PBXBuildFile; fileRef = 520E1AA823E46EDA00970C2D /* desperationUITests.swift */; };
		52558C0223E787E90051AF96 /* art.scnassets in Resources */ = {isa = PBXBuildFile; fileRef = 52558C0123E787E90051AF96 /* art.scnassets */; };
		52B73BA823E58DF800B4A3D7 /* mapViewController.swift in Sources */ = {isa = PBXBuildFile; fileRef = 52B73BA723E58DF800B4A3D7 /* mapViewController.swift */; };
		7E6BCD5C170CBCA8FC6FE07F /* Pods_desperationTests.framework in Frameworks */ = {isa = PBXBuildFile; fileRef = 6CEEDD2484EF31849790CD63 /* Pods_desperationTests.framework */; };
/* End PBXBuildFile section */

/* Begin PBXContainerItemProxy section */
		520E1A9A23E46EDA00970C2D /* PBXContainerItemProxy */ = {
			isa = PBXContainerItemProxy;
			containerPortal = 520E1A7B23E46EC300970C2D /* Project object */;
			proxyType = 1;
			remoteGlobalIDString = 520E1A8223E46EC400970C2D;
			remoteInfo = desperation;
		};
		520E1AA523E46EDA00970C2D /* PBXContainerItemProxy */ = {
			isa = PBXContainerItemProxy;
			containerPortal = 520E1A7B23E46EC300970C2D /* Project object */;
			proxyType = 1;
			remoteGlobalIDString = 520E1A8223E46EC400970C2D;
			remoteInfo = desperation;
		};
/* End PBXContainerItemProxy section */

/* Begin PBXFileReference section */
		067876D65FDDC47C76168C29 /* Pods-desperation-desperationUITests.debug.xcconfig */ = {isa = PBXFileReference; includeInIndex = 1; lastKnownFileType = text.xcconfig; name = "Pods-desperation-desperationUITests.debug.xcconfig"; path = "Target Support Files/Pods-desperation-desperationUITests/Pods-desperation-desperationUITests.debug.xcconfig"; sourceTree = "<group>"; };
		47812DE5BEC780690A5CB64A /* Pods-desperationTests.release.xcconfig */ = {isa = PBXFileReference; includeInIndex = 1; lastKnownFileType = text.xcconfig; name = "Pods-desperationTests.release.xcconfig"; path = "Target Support Files/Pods-desperationTests/Pods-desperationTests.release.xcconfig"; sourceTree = "<group>"; };
		520E1A8323E46EC400970C2D /* desperation.app */ = {isa = PBXFileReference; explicitFileType = wrapper.application; includeInIndex = 0; path = desperation.app; sourceTree = BUILT_PRODUCTS_DIR; };
		520E1A8623E46EC400970C2D /* AppDelegate.swift */ = {isa = PBXFileReference; lastKnownFileType = sourcecode.swift; path = AppDelegate.swift; sourceTree = "<group>"; };
		520E1A8823E46EC400970C2D /* SceneDelegate.swift */ = {isa = PBXFileReference; lastKnownFileType = sourcecode.swift; path = SceneDelegate.swift; sourceTree = "<group>"; };
		520E1A8A23E46EC400970C2D /* ViewController.swift */ = {isa = PBXFileReference; lastKnownFileType = sourcecode.swift; path = ViewController.swift; sourceTree = "<group>"; };
		520E1A8D23E46EC400970C2D /* Base */ = {isa = PBXFileReference; lastKnownFileType = file.storyboard; name = Base; path = Base.lproj/Main.storyboard; sourceTree = "<group>"; };
		520E1A8F23E46EDA00970C2D /* Assets.xcassets */ = {isa = PBXFileReference; lastKnownFileType = folder.assetcatalog; path = Assets.xcassets; sourceTree = "<group>"; };
		520E1A9223E46EDA00970C2D /* Base */ = {isa = PBXFileReference; lastKnownFileType = file.storyboard; name = Base; path = Base.lproj/LaunchScreen.storyboard; sourceTree = "<group>"; };
		520E1A9423E46EDA00970C2D /* Info.plist */ = {isa = PBXFileReference; lastKnownFileType = text.plist.xml; path = Info.plist; sourceTree = "<group>"; };
		520E1A9923E46EDA00970C2D /* desperationTests.xctest */ = {isa = PBXFileReference; explicitFileType = wrapper.cfbundle; includeInIndex = 0; path = desperationTests.xctest; sourceTree = BUILT_PRODUCTS_DIR; };
		520E1A9D23E46EDA00970C2D /* desperationTests.swift */ = {isa = PBXFileReference; lastKnownFileType = sourcecode.swift; path = desperationTests.swift; sourceTree = "<group>"; };
		520E1A9F23E46EDA00970C2D /* Info.plist */ = {isa = PBXFileReference; lastKnownFileType = text.plist.xml; path = Info.plist; sourceTree = "<group>"; };
		520E1AA423E46EDA00970C2D /* desperationUITests.xctest */ = {isa = PBXFileReference; explicitFileType = wrapper.cfbundle; includeInIndex = 0; path = desperationUITests.xctest; sourceTree = BUILT_PRODUCTS_DIR; };
		520E1AA823E46EDA00970C2D /* desperationUITests.swift */ = {isa = PBXFileReference; lastKnownFileType = sourcecode.swift; path = desperationUITests.swift; sourceTree = "<group>"; };
		520E1AAA23E46EDA00970C2D /* Info.plist */ = {isa = PBXFileReference; lastKnownFileType = text.plist.xml; path = Info.plist; sourceTree = "<group>"; };
		52558C0123E787E90051AF96 /* art.scnassets */ = {isa = PBXFileReference; lastKnownFileType = wrapper.scnassets; path = art.scnassets; sourceTree = "<group>"; };
		52B73BA723E58DF800B4A3D7 /* mapViewController.swift */ = {isa = PBXFileReference; lastKnownFileType = sourcecode.swift; path = mapViewController.swift; sourceTree = "<group>"; };
		6CEEDD2484EF31849790CD63 /* Pods_desperationTests.framework */ = {isa = PBXFileReference; explicitFileType = wrapper.framework; includeInIndex = 0; path = Pods_desperationTests.framework; sourceTree = BUILT_PRODUCTS_DIR; };
		6D5A4D6A078A007FE0D0C1A2 /* Pods-desperation-desperationUITests.release.xcconfig */ = {isa = PBXFileReference; includeInIndex = 1; lastKnownFileType = text.xcconfig; name = "Pods-desperation-desperationUITests.release.xcconfig"; path = "Target Support Files/Pods-desperation-desperationUITests/Pods-desperation-desperationUITests.release.xcconfig"; sourceTree = "<group>"; };
		6F71C1F414FB2FE6A1F4D423 /* Pods-desperation.release.xcconfig */ = {isa = PBXFileReference; includeInIndex = 1; lastKnownFileType = text.xcconfig; name = "Pods-desperation.release.xcconfig"; path = "Target Support Files/Pods-desperation/Pods-desperation.release.xcconfig"; sourceTree = "<group>"; };
		85D34B666145CFFA12559F35 /* Pods_desperation_desperationUITests.framework */ = {isa = PBXFileReference; explicitFileType = wrapper.framework; includeInIndex = 0; path = Pods_desperation_desperationUITests.framework; sourceTree = BUILT_PRODUCTS_DIR; };
		98BD4600C12C4A0CF5D6487D /* Pods-desperationTests.debug.xcconfig */ = {isa = PBXFileReference; includeInIndex = 1; lastKnownFileType = text.xcconfig; name = "Pods-desperationTests.debug.xcconfig"; path = "Target Support Files/Pods-desperationTests/Pods-desperationTests.debug.xcconfig"; sourceTree = "<group>"; };
		CF6D04B6FC817FE31BEF3BFD /* Pods_desperation.framework */ = {isa = PBXFileReference; explicitFileType = wrapper.framework; includeInIndex = 0; path = Pods_desperation.framework; sourceTree = BUILT_PRODUCTS_DIR; };
		E48E28A28612C78FC8E4EF67 /* Pods-desperation.debug.xcconfig */ = {isa = PBXFileReference; includeInIndex = 1; lastKnownFileType = text.xcconfig; name = "Pods-desperation.debug.xcconfig"; path = "Target Support Files/Pods-desperation/Pods-desperation.debug.xcconfig"; sourceTree = "<group>"; };
/* End PBXFileReference section */

/* Begin PBXFrameworksBuildPhase section */
		520E1A8023E46EC400970C2D /* Frameworks */ = {
			isa = PBXFrameworksBuildPhase;
			buildActionMask = 2147483647;
			files = (
				2C4ACD2035ED4DAAFA07143D /* Pods_desperation.framework in Frameworks */,
			);
			runOnlyForDeploymentPostprocessing = 0;
		};
		520E1A9623E46EDA00970C2D /* Frameworks */ = {
			isa = PBXFrameworksBuildPhase;
			buildActionMask = 2147483647;
			files = (
				7E6BCD5C170CBCA8FC6FE07F /* Pods_desperationTests.framework in Frameworks */,
			);
			runOnlyForDeploymentPostprocessing = 0;
		};
		520E1AA123E46EDA00970C2D /* Frameworks */ = {
			isa = PBXFrameworksBuildPhase;
			buildActionMask = 2147483647;
			files = (
				51DF52857DE7516259EF2FD9 /* Pods_desperation_desperationUITests.framework in Frameworks */,
			);
			runOnlyForDeploymentPostprocessing = 0;
		};
/* End PBXFrameworksBuildPhase section */

/* Begin PBXGroup section */
		520E1A7A23E46EC300970C2D = {
			isa = PBXGroup;
			children = (
				520E1A8523E46EC400970C2D /* desperation */,
				520E1A9C23E46EDA00970C2D /* desperationTests */,
				520E1AA723E46EDA00970C2D /* desperationUITests */,
				520E1A8423E46EC400970C2D /* Products */,
				CFD5086BEC718879EFCA6240 /* Pods */,
				DF833C9AD8C07AB4A00519CF /* Frameworks */,
			);
			sourceTree = "<group>";
		};
		520E1A8423E46EC400970C2D /* Products */ = {
			isa = PBXGroup;
			children = (
				520E1A8323E46EC400970C2D /* desperation.app */,
				520E1A9923E46EDA00970C2D /* desperationTests.xctest */,
				520E1AA423E46EDA00970C2D /* desperationUITests.xctest */,
			);
			name = Products;
			sourceTree = "<group>";
		};
		520E1A8523E46EC400970C2D /* desperation */ = {
			isa = PBXGroup;
			children = (
				520E1A8623E46EC400970C2D /* AppDelegate.swift */,
				520E1A8823E46EC400970C2D /* SceneDelegate.swift */,
				520E1A8A23E46EC400970C2D /* ViewController.swift */,
				520E1A8C23E46EC400970C2D /* Main.storyboard */,
				520E1A8F23E46EDA00970C2D /* Assets.xcassets */,
				520E1A9123E46EDA00970C2D /* LaunchScreen.storyboard */,
				520E1A9423E46EDA00970C2D /* Info.plist */,
				52B73BA723E58DF800B4A3D7 /* mapViewController.swift */,
				52558C0123E787E90051AF96 /* art.scnassets */,
			);
			path = desperation;
			sourceTree = "<group>";
		};
		520E1A9C23E46EDA00970C2D /* desperationTests */ = {
			isa = PBXGroup;
			children = (
				520E1A9D23E46EDA00970C2D /* desperationTests.swift */,
				520E1A9F23E46EDA00970C2D /* Info.plist */,
			);
			path = desperationTests;
			sourceTree = "<group>";
		};
		520E1AA723E46EDA00970C2D /* desperationUITests */ = {
			isa = PBXGroup;
			children = (
				520E1AA823E46EDA00970C2D /* desperationUITests.swift */,
				520E1AAA23E46EDA00970C2D /* Info.plist */,
			);
			path = desperationUITests;
			sourceTree = "<group>";
		};
		CFD5086BEC718879EFCA6240 /* Pods */ = {
			isa = PBXGroup;
			children = (
				E48E28A28612C78FC8E4EF67 /* Pods-desperation.debug.xcconfig */,
				6F71C1F414FB2FE6A1F4D423 /* Pods-desperation.release.xcconfig */,
				067876D65FDDC47C76168C29 /* Pods-desperation-desperationUITests.debug.xcconfig */,
				6D5A4D6A078A007FE0D0C1A2 /* Pods-desperation-desperationUITests.release.xcconfig */,
				98BD4600C12C4A0CF5D6487D /* Pods-desperationTests.debug.xcconfig */,
				47812DE5BEC780690A5CB64A /* Pods-desperationTests.release.xcconfig */,
			);
			path = Pods;
			sourceTree = "<group>";
		};
		DF833C9AD8C07AB4A00519CF /* Frameworks */ = {
			isa = PBXGroup;
			children = (
				CF6D04B6FC817FE31BEF3BFD /* Pods_desperation.framework */,
				85D34B666145CFFA12559F35 /* Pods_desperation_desperationUITests.framework */,
				6CEEDD2484EF31849790CD63 /* Pods_desperationTests.framework */,
			);
			name = Frameworks;
			sourceTree = "<group>";
		};
/* End PBXGroup section */

/* Begin PBXNativeTarget section */
		520E1A8223E46EC400970C2D /* desperation */ = {
			isa = PBXNativeTarget;
			buildConfigurationList = 520E1AAD23E46EDA00970C2D /* Build configuration list for PBXNativeTarget "desperation" */;
			buildPhases = (
				2D573A08C6ED95C2A29015B2 /* [CP] Check Pods Manifest.lock */,
				520E1A7F23E46EC400970C2D /* Sources */,
				520E1A8023E46EC400970C2D /* Frameworks */,
				520E1A8123E46EC400970C2D /* Resources */,
				85223946A30D22BD89FFA631 /* [CP] Embed Pods Frameworks */,
			);
			buildRules = (
			);
			dependencies = (
			);
			name = desperation;
			productName = desperation;
			productReference = 520E1A8323E46EC400970C2D /* desperation.app */;
			productType = "com.apple.product-type.application";
		};
		520E1A9823E46EDA00970C2D /* desperationTests */ = {
			isa = PBXNativeTarget;
			buildConfigurationList = 520E1AB023E46EDA00970C2D /* Build configuration list for PBXNativeTarget "desperationTests" */;
			buildPhases = (
				FDBD8D05052B99B358B68B8D /* [CP] Check Pods Manifest.lock */,
				520E1A9523E46EDA00970C2D /* Sources */,
				520E1A9623E46EDA00970C2D /* Frameworks */,
				520E1A9723E46EDA00970C2D /* Resources */,
			);
			buildRules = (
			);
			dependencies = (
				520E1A9B23E46EDA00970C2D /* PBXTargetDependency */,
			);
			name = desperationTests;
			productName = desperationTests;
			productReference = 520E1A9923E46EDA00970C2D /* desperationTests.xctest */;
			productType = "com.apple.product-type.bundle.unit-test";
		};
		520E1AA323E46EDA00970C2D /* desperationUITests */ = {
			isa = PBXNativeTarget;
			buildConfigurationList = 520E1AB323E46EDA00970C2D /* Build configuration list for PBXNativeTarget "desperationUITests" */;
			buildPhases = (
				2DEE2E8222BEFC85DEBA1F12 /* [CP] Check Pods Manifest.lock */,
				520E1AA023E46EDA00970C2D /* Sources */,
				520E1AA123E46EDA00970C2D /* Frameworks */,
				520E1AA223E46EDA00970C2D /* Resources */,
				5F777673D1F95160F04F93B1 /* [CP] Embed Pods Frameworks */,
			);
			buildRules = (
			);
			dependencies = (
				520E1AA623E46EDA00970C2D /* PBXTargetDependency */,
			);
			name = desperationUITests;
			productName = desperationUITests;
			productReference = 520E1AA423E46EDA00970C2D /* desperationUITests.xctest */;
			productType = "com.apple.product-type.bundle.ui-testing";
		};
/* End PBXNativeTarget section */

/* Begin PBXProject section */
		520E1A7B23E46EC300970C2D /* Project object */ = {
			isa = PBXProject;
			attributes = {
				LastSwiftUpdateCheck = 1110;
				LastUpgradeCheck = 1110;
				ORGANIZATIONNAME = kaguya;
				TargetAttributes = {
					520E1A8223E46EC400970C2D = {
						CreatedOnToolsVersion = 11.1;
					};
					520E1A9823E46EDA00970C2D = {
						CreatedOnToolsVersion = 11.1;
						TestTargetID = 520E1A8223E46EC400970C2D;
					};
					520E1AA323E46EDA00970C2D = {
						CreatedOnToolsVersion = 11.1;
						TestTargetID = 520E1A8223E46EC400970C2D;
					};
				};
			};
			buildConfigurationList = 520E1A7E23E46EC300970C2D /* Build configuration list for PBXProject "desperation" */;
			compatibilityVersion = "Xcode 9.3";
			developmentRegion = en;
			hasScannedForEncodings = 0;
			knownRegions = (
				en,
				Base,
			);
			mainGroup = 520E1A7A23E46EC300970C2D;
			productRefGroup = 520E1A8423E46EC400970C2D /* Products */;
			projectDirPath = "";
			projectRoot = "";
			targets = (
				520E1A8223E46EC400970C2D /* desperation */,
				520E1A9823E46EDA00970C2D /* desperationTests */,
				520E1AA323E46EDA00970C2D /* desperationUITests */,
			);
		};
/* End PBXProject section */

/* Begin PBXResourcesBuildPhase section */
		520E1A8123E46EC400970C2D /* Resources */ = {
			isa = PBXResourcesBuildPhase;
			buildActionMask = 2147483647;
			files = (
				520E1A9323E46EDA00970C2D /* LaunchScreen.storyboard in Resources */,
				52558C0223E787E90051AF96 /* art.scnassets in Resources */,
				520E1A9023E46EDA00970C2D /* Assets.xcassets in Resources */,
				520E1A8E23E46EC400970C2D /* Main.storyboard in Resources */,
			);
			runOnlyForDeploymentPostprocessing = 0;
		};
		520E1A9723E46EDA00970C2D /* Resources */ = {
			isa = PBXResourcesBuildPhase;
			buildActionMask = 2147483647;
			files = (
			);
			runOnlyForDeploymentPostprocessing = 0;
		};
		520E1AA223E46EDA00970C2D /* Resources */ = {
			isa = PBXResourcesBuildPhase;
			buildActionMask = 2147483647;
			files = (
			);
			runOnlyForDeploymentPostprocessing = 0;
		};
/* End PBXResourcesBuildPhase section */

/* Begin PBXShellScriptBuildPhase section */
		2D573A08C6ED95C2A29015B2 /* [CP] Check Pods Manifest.lock */ = {
			isa = PBXShellScriptBuildPhase;
			buildActionMask = 2147483647;
			files = (
			);
			inputFileListPaths = (
			);
			inputPaths = (
				"${PODS_PODFILE_DIR_PATH}/Podfile.lock",
				"${PODS_ROOT}/Manifest.lock",
			);
			name = "[CP] Check Pods Manifest.lock";
			outputFileListPaths = (
			);
			outputPaths = (
				"$(DERIVED_FILE_DIR)/Pods-desperation-checkManifestLockResult.txt",
			);
			runOnlyForDeploymentPostprocessing = 0;
			shellPath = /bin/sh;
			shellScript = "diff \"${PODS_PODFILE_DIR_PATH}/Podfile.lock\" \"${PODS_ROOT}/Manifest.lock\" > /dev/null\nif [ $? != 0 ] ; then\n    # print error to STDERR\n    echo \"error: The sandbox is not in sync with the Podfile.lock. Run 'pod install' or update your CocoaPods installation.\" >&2\n    exit 1\nfi\n# This output is used by Xcode 'outputs' to avoid re-running this script phase.\necho \"SUCCESS\" > \"${SCRIPT_OUTPUT_FILE_0}\"\n";
			showEnvVarsInLog = 0;
		};
		2DEE2E8222BEFC85DEBA1F12 /* [CP] Check Pods Manifest.lock */ = {
			isa = PBXShellScriptBuildPhase;
			buildActionMask = 2147483647;
			files = (
			);
			inputFileListPaths = (
			);
			inputPaths = (
				"${PODS_PODFILE_DIR_PATH}/Podfile.lock",
				"${PODS_ROOT}/Manifest.lock",
			);
			name = "[CP] Check Pods Manifest.lock";
			outputFileListPaths = (
			);
			outputPaths = (
				"$(DERIVED_FILE_DIR)/Pods-desperation-desperationUITests-checkManifestLockResult.txt",
			);
			runOnlyForDeploymentPostprocessing = 0;
			shellPath = /bin/sh;
			shellScript = "diff \"${PODS_PODFILE_DIR_PATH}/Podfile.lock\" \"${PODS_ROOT}/Manifest.lock\" > /dev/null\nif [ $? != 0 ] ; then\n    # print error to STDERR\n    echo \"error: The sandbox is not in sync with the Podfile.lock. Run 'pod install' or update your CocoaPods installation.\" >&2\n    exit 1\nfi\n# This output is used by Xcode 'outputs' to avoid re-running this script phase.\necho \"SUCCESS\" > \"${SCRIPT_OUTPUT_FILE_0}\"\n";
			showEnvVarsInLog = 0;
		};
		5F777673D1F95160F04F93B1 /* [CP] Embed Pods Frameworks */ = {
			isa = PBXShellScriptBuildPhase;
			buildActionMask = 2147483647;
			files = (
			);
			inputFileListPaths = (
				"${PODS_ROOT}/Target Support Files/Pods-desperation-desperationUITests/Pods-desperation-desperationUITests-frameworks-${CONFIGURATION}-input-files.xcfilelist",
			);
			name = "[CP] Embed Pods Frameworks";
			outputFileListPaths = (
				"${PODS_ROOT}/Target Support Files/Pods-desperation-desperationUITests/Pods-desperation-desperationUITests-frameworks-${CONFIGURATION}-output-files.xcfilelist",
			);
			runOnlyForDeploymentPostprocessing = 0;
			shellPath = /bin/sh;
			shellScript = "\"${PODS_ROOT}/Target Support Files/Pods-desperation-desperationUITests/Pods-desperation-desperationUITests-frameworks.sh\"\n";
			showEnvVarsInLog = 0;
		};
		85223946A30D22BD89FFA631 /* [CP] Embed Pods Frameworks */ = {
			isa = PBXShellScriptBuildPhase;
			buildActionMask = 2147483647;
			files = (
			);
			inputFileListPaths = (
				"${PODS_ROOT}/Target Support Files/Pods-desperation/Pods-desperation-frameworks-${CONFIGURATION}-input-files.xcfilelist",
			);
			name = "[CP] Embed Pods Frameworks";
			outputFileListPaths = (
				"${PODS_ROOT}/Target Support Files/Pods-desperation/Pods-desperation-frameworks-${CONFIGURATION}-output-files.xcfilelist",
			);
			runOnlyForDeploymentPostprocessing = 0;
			shellPath = /bin/sh;
			shellScript = "\"${PODS_ROOT}/Target Support Files/Pods-desperation/Pods-desperation-frameworks.sh\"\n";
			showEnvVarsInLog = 0;
		};
		FDBD8D05052B99B358B68B8D /* [CP] Check Pods Manifest.lock */ = {
			isa = PBXShellScriptBuildPhase;
			buildActionMask = 2147483647;
			files = (
			);
			inputFileListPaths = (
			);
			inputPaths = (
				"${PODS_PODFILE_DIR_PATH}/Podfile.lock",
				"${PODS_ROOT}/Manifest.lock",
			);
			name = "[CP] Check Pods Manifest.lock";
			outputFileListPaths = (
			);
			outputPaths = (
				"$(DERIVED_FILE_DIR)/Pods-desperationTests-checkManifestLockResult.txt",
			);
			runOnlyForDeploymentPostprocessing = 0;
			shellPath = /bin/sh;
			shellScript = "diff \"${PODS_PODFILE_DIR_PATH}/Podfile.lock\" \"${PODS_ROOT}/Manifest.lock\" > /dev/null\nif [ $? != 0 ] ; then\n    # print error to STDERR\n    echo \"error: The sandbox is not in sync with the Podfile.lock. Run 'pod install' or update your CocoaPods installation.\" >&2\n    exit 1\nfi\n# This output is used by Xcode 'outputs' to avoid re-running this script phase.\necho \"SUCCESS\" > \"${SCRIPT_OUTPUT_FILE_0}\"\n";
			showEnvVarsInLog = 0;
		};
/* End PBXShellScriptBuildPhase section */

/* Begin PBXSourcesBuildPhase section */
		520E1A7F23E46EC400970C2D /* Sources */ = {
			isa = PBXSourcesBuildPhase;
			buildActionMask = 2147483647;
			files = (
				520E1A8B23E46EC400970C2D /* ViewController.swift in Sources */,
				520E1A8723E46EC400970C2D /* AppDelegate.swift in Sources */,
				520E1A8923E46EC400970C2D /* SceneDelegate.swift in Sources */,
				52B73BA823E58DF800B4A3D7 /* mapViewController.swift in Sources */,
			);
			runOnlyForDeploymentPostprocessing = 0;
		};
		520E1A9523E46EDA00970C2D /* Sources */ = {
			isa = PBXSourcesBuildPhase;
			buildActionMask = 2147483647;
			files = (
				520E1A9E23E46EDA00970C2D /* desperationTests.swift in Sources */,
			);
			runOnlyForDeploymentPostprocessing = 0;
		};
		520E1AA023E46EDA00970C2D /* Sources */ = {
			isa = PBXSourcesBuildPhase;
			buildActionMask = 2147483647;
			files = (
				520E1AA923E46EDA00970C2D /* desperationUITests.swift in Sources */,
			);
			runOnlyForDeploymentPostprocessing = 0;
		};
/* End PBXSourcesBuildPhase section */

/* Begin PBXTargetDependency section */
		520E1A9B23E46EDA00970C2D /* PBXTargetDependency */ = {
			isa = PBXTargetDependency;
			target = 520E1A8223E46EC400970C2D /* desperation */;
			targetProxy = 520E1A9A23E46EDA00970C2D /* PBXContainerItemProxy */;
		};
		520E1AA623E46EDA00970C2D /* PBXTargetDependency */ = {
			isa = PBXTargetDependency;
			target = 520E1A8223E46EC400970C2D /* desperation */;
			targetProxy = 520E1AA523E46EDA00970C2D /* PBXContainerItemProxy */;
		};
/* End PBXTargetDependency section */

/* Begin PBXVariantGroup section */
		520E1A8C23E46EC400970C2D /* Main.storyboard */ = {
			isa = PBXVariantGroup;
			children = (
				520E1A8D23E46EC400970C2D /* Base */,
			);
			name = Main.storyboard;
			sourceTree = "<group>";
		};
		520E1A9123E46EDA00970C2D /* LaunchScreen.storyboard */ = {
			isa = PBXVariantGroup;
			children = (
				520E1A9223E46EDA00970C2D /* Base */,
			);
			name = LaunchScreen.storyboard;
			sourceTree = "<group>";
		};
/* End PBXVariantGroup section */

/* Begin XCBuildConfiguration section */
		520E1AAB23E46EDA00970C2D /* Debug */ = {
			isa = XCBuildConfiguration;
			buildSettings = {
				ALWAYS_SEARCH_USER_PATHS = NO;
				CLANG_ANALYZER_NONNULL = YES;
				CLANG_ANALYZER_NUMBER_OBJECT_CONVERSION = YES_AGGRESSIVE;
				CLANG_CXX_LANGUAGE_STANDARD = "gnu++14";
				CLANG_CXX_LIBRARY = "libc++";
				CLANG_ENABLE_MODULES = YES;
				CLANG_ENABLE_OBJC_ARC = YES;
				CLANG_ENABLE_OBJC_WEAK = YES;
				CLANG_WARN_BLOCK_CAPTURE_AUTORELEASING = YES;
				CLANG_WARN_BOOL_CONVERSION = YES;
				CLANG_WARN_COMMA = YES;
				CLANG_WARN_CONSTANT_CONVERSION = YES;
				CLANG_WARN_DEPRECATED_OBJC_IMPLEMENTATIONS = YES;
				CLANG_WARN_DIRECT_OBJC_ISA_USAGE = YES_ERROR;
				CLANG_WARN_DOCUMENTATION_COMMENTS = YES;
				CLANG_WARN_EMPTY_BODY = YES;
				CLANG_WARN_ENUM_CONVERSION = YES;
				CLANG_WARN_INFINITE_RECURSION = YES;
				CLANG_WARN_INT_CONVERSION = YES;
				CLANG_WARN_NON_LITERAL_NULL_CONVERSION = YES;
				CLANG_WARN_OBJC_IMPLICIT_RETAIN_SELF = YES;
				CLANG_WARN_OBJC_LITERAL_CONVERSION = YES;
				CLANG_WARN_OBJC_ROOT_CLASS = YES_ERROR;
				CLANG_WARN_RANGE_LOOP_ANALYSIS = YES;
				CLANG_WARN_STRICT_PROTOTYPES = YES;
				CLANG_WARN_SUSPICIOUS_MOVE = YES;
				CLANG_WARN_UNGUARDED_AVAILABILITY = YES_AGGRESSIVE;
				CLANG_WARN_UNREACHABLE_CODE = YES;
				CLANG_WARN__DUPLICATE_METHOD_MATCH = YES;
				COPY_PHASE_STRIP = NO;
				DEBUG_INFORMATION_FORMAT = dwarf;
				ENABLE_STRICT_OBJC_MSGSEND = YES;
				ENABLE_TESTABILITY = YES;
				GCC_C_LANGUAGE_STANDARD = gnu11;
				GCC_DYNAMIC_NO_PIC = NO;
				GCC_NO_COMMON_BLOCKS = YES;
				GCC_OPTIMIZATION_LEVEL = 0;
				GCC_PREPROCESSOR_DEFINITIONS = (
					"DEBUG=1",
					"$(inherited)",
				);
				GCC_WARN_64_TO_32_BIT_CONVERSION = YES;
				GCC_WARN_ABOUT_RETURN_TYPE = YES_ERROR;
				GCC_WARN_UNDECLARED_SELECTOR = YES;
				GCC_WARN_UNINITIALIZED_AUTOS = YES_AGGRESSIVE;
				GCC_WARN_UNUSED_FUNCTION = YES;
				GCC_WARN_UNUSED_VARIABLE = YES;
				IPHONEOS_DEPLOYMENT_TARGET = 13.1;
				MTL_ENABLE_DEBUG_INFO = INCLUDE_SOURCE;
				MTL_FAST_MATH = YES;
				ONLY_ACTIVE_ARCH = YES;
				SDKROOT = iphoneos;
				SWIFT_ACTIVE_COMPILATION_CONDITIONS = DEBUG;
				SWIFT_OPTIMIZATION_LEVEL = "-Onone";
			};
			name = Debug;
		};
		520E1AAC23E46EDA00970C2D /* Release */ = {
			isa = XCBuildConfiguration;
			buildSettings = {
				ALWAYS_SEARCH_USER_PATHS = NO;
				CLANG_ANALYZER_NONNULL = YES;
				CLANG_ANALYZER_NUMBER_OBJECT_CONVERSION = YES_AGGRESSIVE;
				CLANG_CXX_LANGUAGE_STANDARD = "gnu++14";
				CLANG_CXX_LIBRARY = "libc++";
				CLANG_ENABLE_MODULES = YES;
				CLANG_ENABLE_OBJC_ARC = YES;
				CLANG_ENABLE_OBJC_WEAK = YES;
				CLANG_WARN_BLOCK_CAPTURE_AUTORELEASING = YES;
				CLANG_WARN_BOOL_CONVERSION = YES;
				CLANG_WARN_COMMA = YES;
				CLANG_WARN_CONSTANT_CONVERSION = YES;
				CLANG_WARN_DEPRECATED_OBJC_IMPLEMENTATIONS = YES;
				CLANG_WARN_DIRECT_OBJC_ISA_USAGE = YES_ERROR;
				CLANG_WARN_DOCUMENTATION_COMMENTS = YES;
				CLANG_WARN_EMPTY_BODY = YES;
				CLANG_WARN_ENUM_CONVERSION = YES;
				CLANG_WARN_INFINITE_RECURSION = YES;
				CLANG_WARN_INT_CONVERSION = YES;
				CLANG_WARN_NON_LITERAL_NULL_CONVERSION = YES;
				CLANG_WARN_OBJC_IMPLICIT_RETAIN_SELF = YES;
				CLANG_WARN_OBJC_LITERAL_CONVERSION = YES;
				CLANG_WARN_OBJC_ROOT_CLASS = YES_ERROR;
				CLANG_WARN_RANGE_LOOP_ANALYSIS = YES;
				CLANG_WARN_STRICT_PROTOTYPES = YES;
				CLANG_WARN_SUSPICIOUS_MOVE = YES;
				CLANG_WARN_UNGUARDED_AVAILABILITY = YES_AGGRESSIVE;
				CLANG_WARN_UNREACHABLE_CODE = YES;
				CLANG_WARN__DUPLICATE_METHOD_MATCH = YES;
				COPY_PHASE_STRIP = NO;
				DEBUG_INFORMATION_FORMAT = "dwarf-with-dsym";
				ENABLE_NS_ASSERTIONS = NO;
				ENABLE_STRICT_OBJC_MSGSEND = YES;
				GCC_C_LANGUAGE_STANDARD = gnu11;
				GCC_NO_COMMON_BLOCKS = YES;
				GCC_WARN_64_TO_32_BIT_CONVERSION = YES;
				GCC_WARN_ABOUT_RETURN_TYPE = YES_ERROR;
				GCC_WARN_UNDECLARED_SELECTOR = YES;
				GCC_WARN_UNINITIALIZED_AUTOS = YES_AGGRESSIVE;
				GCC_WARN_UNUSED_FUNCTION = YES;
				GCC_WARN_UNUSED_VARIABLE = YES;
				IPHONEOS_DEPLOYMENT_TARGET = 13.1;
				MTL_ENABLE_DEBUG_INFO = NO;
				MTL_FAST_MATH = YES;
				SDKROOT = iphoneos;
				SWIFT_COMPILATION_MODE = wholemodule;
				SWIFT_OPTIMIZATION_LEVEL = "-O";
				VALIDATE_PRODUCT = YES;
			};
			name = Release;
		};
		520E1AAE23E46EDA00970C2D /* Debug */ = {
			isa = XCBuildConfiguration;
			baseConfigurationReference = E48E28A28612C78FC8E4EF67 /* Pods-desperation.debug.xcconfig */;
			buildSettings = {
				ASSETCATALOG_COMPILER_APPICON_NAME = AppIcon;
				CODE_SIGN_STYLE = Automatic;
				DEVELOPMENT_TEAM = DZS9YMALWA;
				INFOPLIST_FILE = desperation/Info.plist;
				LD_RUNPATH_SEARCH_PATHS = (
					"$(inherited)",
					"@executable_path/Frameworks",
				);
				PRODUCT_BUNDLE_IDENTIFIER = kaguya.desperation;
				PRODUCT_NAME = "$(TARGET_NAME)";
				SWIFT_VERSION = 5.0;
				TARGETED_DEVICE_FAMILY = "1,2";
			};
			name = Debug;
		};
		520E1AAF23E46EDA00970C2D /* Release */ = {
			isa = XCBuildConfiguration;
			baseConfigurationReference = 6F71C1F414FB2FE6A1F4D423 /* Pods-desperation.release.xcconfig */;
			buildSettings = {
				ASSETCATALOG_COMPILER_APPICON_NAME = AppIcon;
				CODE_SIGN_STYLE = Automatic;
				DEVELOPMENT_TEAM = DZS9YMALWA;
				INFOPLIST_FILE = desperation/Info.plist;
				LD_RUNPATH_SEARCH_PATHS = (
					"$(inherited)",
					"@executable_path/Frameworks",
				);
				PRODUCT_BUNDLE_IDENTIFIER = kaguya.desperation;
				PRODUCT_NAME = "$(TARGET_NAME)";
				SWIFT_VERSION = 5.0;
				TARGETED_DEVICE_FAMILY = "1,2";
			};
			name = Release;
		};
		520E1AB123E46EDA00970C2D /* Debug */ = {
			isa = XCBuildConfiguration;
			baseConfigurationReference = 98BD4600C12C4A0CF5D6487D /* Pods-desperationTests.debug.xcconfig */;
			buildSettings = {
				ALWAYS_EMBED_SWIFT_STANDARD_LIBRARIES = YES;
				BUNDLE_LOADER = "$(TEST_HOST)";
				CODE_SIGN_STYLE = Automatic;
				DEVELOPMENT_TEAM = DZS9YMALWA;
				INFOPLIST_FILE = desperationTests/Info.plist;
				IPHONEOS_DEPLOYMENT_TARGET = 13.1;
				LD_RUNPATH_SEARCH_PATHS = (
					"$(inherited)",
					"@executable_path/Frameworks",
					"@loader_path/Frameworks",
				);
				PRODUCT_BUNDLE_IDENTIFIER = kaguya.desperationTests;
				PRODUCT_NAME = "$(TARGET_NAME)";
				SWIFT_VERSION = 5.0;
				TARGETED_DEVICE_FAMILY = "1,2";
				TEST_HOST = "$(BUILT_PRODUCTS_DIR)/desperation.app/desperation";
			};
			name = Debug;
		};
		520E1AB223E46EDA00970C2D /* Release */ = {
			isa = XCBuildConfiguration;
			baseConfigurationReference = 47812DE5BEC780690A5CB64A /* Pods-desperationTests.release.xcconfig */;
			buildSettings = {
				ALWAYS_EMBED_SWIFT_STANDARD_LIBRARIES = YES;
				BUNDLE_LOADER = "$(TEST_HOST)";
				CODE_SIGN_STYLE = Automatic;
				DEVELOPMENT_TEAM = DZS9YMALWA;
				INFOPLIST_FILE = desperationTests/Info.plist;
				IPHONEOS_DEPLOYMENT_TARGET = 13.1;
				LD_RUNPATH_SEARCH_PATHS = (
					"$(inherited)",
					"@executable_path/Frameworks",
					"@loader_path/Frameworks",
				);
				PRODUCT_BUNDLE_IDENTIFIER = kaguya.desperationTests;
				PRODUCT_NAME = "$(TARGET_NAME)";
				SWIFT_VERSION = 5.0;
				TARGETED_DEVICE_FAMILY = "1,2";
				TEST_HOST = "$(BUILT_PRODUCTS_DIR)/desperation.app/desperation";
			};
			name = Release;
		};
		520E1AB423E46EDA00970C2D /* Debug */ = {
			isa = XCBuildConfiguration;
			baseConfigurationReference = 067876D65FDDC47C76168C29 /* Pods-desperation-desperationUITests.debug.xcconfig */;
			buildSettings = {
				ALWAYS_EMBED_SWIFT_STANDARD_LIBRARIES = YES;
				CODE_SIGN_STYLE = Automatic;
				DEVELOPMENT_TEAM = DZS9YMALWA;
				INFOPLIST_FILE = desperationUITests/Info.plist;
				LD_RUNPATH_SEARCH_PATHS = (
					"$(inherited)",
					"@executable_path/Frameworks",
					"@loader_path/Frameworks",
				);
				PRODUCT_BUNDLE_IDENTIFIER = kaguya.desperationUITests;
				PRODUCT_NAME = "$(TARGET_NAME)";
				SWIFT_VERSION = 5.0;
				TARGETED_DEVICE_FAMILY = "1,2";
				TEST_TARGET_NAME = desperation;
			};
			name = Debug;
		};
		520E1AB523E46EDA00970C2D /* Release */ = {
			isa = XCBuildConfiguration;
			baseConfigurationReference = 6D5A4D6A078A007FE0D0C1A2 /* Pods-desperation-desperationUITests.release.xcconfig */;
			buildSettings = {
				ALWAYS_EMBED_SWIFT_STANDARD_LIBRARIES = YES;
				CODE_SIGN_STYLE = Automatic;
				DEVELOPMENT_TEAM = DZS9YMALWA;
				INFOPLIST_FILE = desperationUITests/Info.plist;
				LD_RUNPATH_SEARCH_PATHS = (
					"$(inherited)",
					"@executable_path/Frameworks",
					"@loader_path/Frameworks",
				);
				PRODUCT_BUNDLE_IDENTIFIER = kaguya.desperationUITests;
				PRODUCT_NAME = "$(TARGET_NAME)";
				SWIFT_VERSION = 5.0;
				TARGETED_DEVICE_FAMILY = "1,2";
				TEST_TARGET_NAME = desperation;
			};
			name = Release;
		};
/* End XCBuildConfiguration section */

/* Begin XCConfigurationList section */
		520E1A7E23E46EC300970C2D /* Build configuration list for PBXProject "desperation" */ = {
			isa = XCConfigurationList;
			buildConfigurations = (
				520E1AAB23E46EDA00970C2D /* Debug */,
				520E1AAC23E46EDA00970C2D /* Release */,
			);
			defaultConfigurationIsVisible = 0;
			defaultConfigurationName = Release;
		};
		520E1AAD23E46EDA00970C2D /* Build configuration list for PBXNativeTarget "desperation" */ = {
			isa = XCConfigurationList;
			buildConfigurations = (
				520E1AAE23E46EDA00970C2D /* Debug */,
				520E1AAF23E46EDA00970C2D /* Release */,
			);
			defaultConfigurationIsVisible = 0;
			defaultConfigurationName = Release;
		};
		520E1AB023E46EDA00970C2D /* Build configuration list for PBXNativeTarget "desperationTests" */ = {
			isa = XCConfigurationList;
			buildConfigurations = (
				520E1AB123E46EDA00970C2D /* Debug */,
				520E1AB223E46EDA00970C2D /* Release */,
			);
			defaultConfigurationIsVisible = 0;
			defaultConfigurationName = Release;
		};
		520E1AB323E46EDA00970C2D /* Build configuration list for PBXNativeTarget "desperationUITests" */ = {
			isa = XCConfigurationList;
			buildConfigurations = (
				520E1AB423E46EDA00970C2D /* Debug */,
				520E1AB523E46EDA00970C2D /* Release */,
			);
			defaultConfigurationIsVisible = 0;
			defaultConfigurationName = Release;
		};
/* End XCConfigurationList section */
	};
	rootObject = 520E1A7B23E46EC300970C2D /* Project object */;
}
